{
    "_meta": {
        "hash": {
            "sha256": "f2ce559645ab77165cc1702b159de9f52f793e00b23c5d66076d5222263b2d83"
        },
        "pipfile-spec": 6,
        "requires": {
            "python_version": "3.7"
        },
        "sources": [
            {
                "name": "pypi",
                "url": "https://pypi.org/simple",
                "verify_ssl": true
            }
        ]
    },
    "default": {
        "semantic-version": {
            "hashes": [
                "sha256:352459f640f3db86551d8054d1288608b29a96e880c7746f0a59c92879d412a3",
                "sha256:4eedff095ecdd7790a9e6d7130d49250209e0c7bf6741423c4a4017d9bac4c04"
            ],
            "version": "==2.8.4"
        },
        "setuptools-rust": {
            "hashes": [
                "sha256:4070f249b237ebc4e403478f44a4aa89c9515880fa1beded20d4b25260456503"
            ],
            "index": "pypi",
            "version": "==0.10.6"
        },
        "toml": {
            "hashes": [
                "sha256:229f81c57791a41d65e399fc06bf0848bab550a9dfd5ed66df18ce5f05e73d5c",
                "sha256:235682dd292d5899d361a811df37e04a8828a5b1da3115886b73cf81ebc9100e"
            ],
            "version": "==0.10.0"
        }
    },
    "develop": {}
}
